// !$*UTF8*$!
{
	archiveVersion = 1;
	classes = {
	};
	objectVersion = 77;
	objects = {

/* Begin PBXContainerItemProxy section */
		F8ABD2112FD675D300F2E923 /* PBXContainerItemProxy */ = {
			isa = PBXContainerItemProxy;
			containerPortal = F8ABD1F72FD675D000F2E923 /* Project object */;
			proxyType = 1;
			remoteGlobalIDString = F8ABD1FE2FD675D000F2E923;
			remoteInfo = tequila;
		};
		F8ABD21B2FD675D300F2E923 /* PBXContainerItemProxy */ = {
			isa = PBXContainerItemProxy;
			containerPortal = F8ABD1F72FD675D000F2E923 /* Project object */;
			proxyType = 1;
			remoteGlobalIDString = F8ABD1FE2FD675D000F2E923;
			remoteInfo = tequila;
		};
/* End PBXContainerItemProxy section */

/* Begin PBXFileReference section */
		F8ABD1FF2FD675D000F2E923 /* tequila.app */ = {isa = PBXFileReference; explicitFileType = wrapper.application; includeInIndex = 0; path = tequila.app; sourceTree = BUILT_PRODUCTS_DIR; };
		F8ABD2102FD675D300F2E923 /* tequilaTests.xctest */ = {isa = PBXFileReference; explicitFileType = wrapper.cfbundle; includeInIndex = 0; path = tequilaTests.xctest; sourceTree = BUILT_PRODUCTS_DIR; };
		F8ABD21A2FD675D300F2E923 /* tequilaUITests.xctest */ = {isa = PBXFileReference; explicitFileType = wrapper.cfbundle; includeInIndex = 0; path = tequilaUITests.xctest; sourceTree = BUILT_PRODUCTS_DIR; };
/* End PBXFileReference section */

/* Begin PBXFileSystemSynchronizedRootGroup section */
		F8ABD2012FD675D000F2E923 /* tequila */ = {
			isa = PBXFileSystemSynchronizedRootGroup;
			path = tequila;
			sourceTree = "<group>";
		};
		F8ABD2132FD675D300F2E923 /* tequilaTests */ = {
			isa = PBXFileSystemSynchronizedRootGroup;
			path = tequilaTests;
			sourceTree = "<group>";
		};
		F8ABD21D2FD675D300F2E923 /* tequilaUITests */ = {
			isa = PBXFileSystemSynchronizedRootGroup;
			path = tequilaUITests;
			sourceTree = "<group>";
		};
/* End PBXFileSystemSynchronizedRootGroup section */

/* Begin PBXFrameworksBuildPhase section */
		F8ABD1FC2FD675D000F2E923 /* Frameworks */ = {
			isa = PBXFrameworksBuildPhase;
			buildActionMask = 2147483647;
			files = (
			);
			runOnlyForDeploymentPostprocessing = 0;
		};
		F8ABD20D2FD675D300F2E923 /* Frameworks */ = {
			isa = PBXFrameworksBuildPhase;
			buildActionMask = 2147483647;
			files = (
			);
			runOnlyForDeploymentPostprocessing = 0;
		};
		F8ABD2172FD675D300F2E923 /* Frameworks */ = {
			isa = PBXFrameworksBuildPhase;
			buildActionMask = 2147483647;
			files = (
			);
			runOnlyForDeploymentPostprocessing = 0;
		};
/* End PBXFrameworksBuildPhase section */

/* Begin PBXGroup section */
		F8ABD1F62FD675D000F2E923 = {
			isa = PBXGroup;
			children = (
				F8ABD2012FD675D000F2E923 /* tequila */,
				F8ABD2132FD675D300F2E923 /* tequilaTests */,
				F8ABD21D2FD675D300F2E923 /* tequilaUITests */,
				F8ABD2002FD675D000F2E923 /* Products */,
			);
			sourceTree = "<group>";
		};
		F8ABD2002FD675D000F2E923 /* Products */ = {
			isa = PBXGroup;
			children = (
				F8ABD1FF2FD675D000F2E923 /* tequila.app */,
				F8ABD2102FD675D300F2E923 /* tequilaTests.xctest */,
				F8ABD21A2FD675D300F2E923 /* tequilaUITests.xctest */,
			);
			name = Products;
			sourceTree = "<group>";
		};
/* End PBXGroup section */

/* Begin PBXNativeTarget section */
		F8ABD1FE2FD675D000F2E923 /* tequila */ = {
			isa = PBXNativeTarget;
			buildConfigurationList = F8ABD2242FD675D300F2E923 /* Build configuration list for PBXNativeTarget "tequila" */;
			buildPhases = (
				F8ABD1FB2FD675D000F2E923 /* Sources */,
				F8ABD1FC2FD675D000F2E923 /* Frameworks */,
				F8ABD1FD2FD675D000F2E923 /* Resources */,
			);
			buildRules = (
			);
			dependencies = (
			);
			fileSystemSynchronizedGroups = (
				F8ABD2012FD675D000F2E923 /* tequila */,
			);
			name = tequila;
			packageProductDependencies = (
			);
			productName = tequila;
			productReference = F8ABD1FF2FD675D000F2E923 /* tequila.app */;
			productType = "com.apple.product-type.application";
		};
		F8ABD20F2FD675D300F2E923 /* tequilaTests */ = {
			isa = PBXNativeTarget;
			buildConfigurationList = F8ABD2272FD675D300F2E923 /* Build configuration list for PBXNativeTarget "tequilaTests" */;
			buildPhases = (
				F8ABD20C2FD675D300F2E923 /* Sources */,
				F8ABD20D2FD675D300F2E923 /* Frameworks */,
				F8ABD20E2FD675D300F2E923 /* Resources */,
			);
			buildRules = (
			);
			dependencies = (
				F8ABD2122FD675D300F2E923 /* PBXTargetDependency */,
			);
			fileSystemSynchronizedGroups = (
				F8ABD2132FD675D300F2E923 /* tequilaTests */,
			);
			name = tequilaTests;
			packageProductDependencies = (
			);
			productName = tequilaTests;
			productReference = F8ABD2102FD675D300F2E923 /* tequilaTests.xctest */;
			productType = "com.apple.product-type.bundle.unit-test";
		};
		F8ABD2192FD675D300F2E923 /* tequilaUITests */ = {
			isa = PBXNativeTarget;
			buildConfigurationList = F8ABD22A2FD675D300F2E923 /* Build configuration list for PBXNativeTarget "tequilaUITests" */;
			buildPhases = (
				F8ABD2162FD675D300F2E923 /* Sources */,
				F8ABD2172FD675D300F2E923 /* Frameworks */,
				F8ABD2182FD675D300F2E923 /* Resources */,
			);
			buildRules = (
			);
			dependencies = (
				F8ABD21C2FD675D300F2E923 /* PBXTargetDependency */,
			);
			fileSystemSynchronizedGroups = (
				F8ABD21D2FD675D300F2E923 /* tequilaUITests */,
			);
			name = tequilaUITests;
			packageProductDependencies = (
			);
			productName = tequilaUITests;
			productReference = F8ABD21A2FD675D300F2E923 /* tequilaUITests.xctest */;
			productType = "com.apple.product-type.bundle.ui-testing";
		};
/* End PBXNativeTarget section */

/* Begin PBXProject section */
		F8ABD1F72FD675D000F2E923 /* Project object */ = {
			isa = PBXProject;
			attributes = {
				BuildIndependentTargetsInParallel = 1;
				LastSwiftUpdateCheck = 1620;
				LastUpgradeCheck = 1620;
				TargetAttributes = {
					F8ABD1FE2FD675D000F2E923 = {
						CreatedOnToolsVersion = 16.2;
					};
					F8ABD20F2FD675D300F2E923 = {
						CreatedOnToolsVersion = 16.2;
						TestTargetID = F8ABD1FE2FD675D000F2E923;
					};
					F8ABD2192FD675D300F2E923 = {
						CreatedOnToolsVersion = 16.2;
						TestTargetID = F8ABD1FE2FD675D000F2E923;
					};
				};
			};
			buildConfigurationList = F8ABD1FA2FD675D000F2E923 /* Build configuration list for PBXProject "tequila" */;
			developmentRegion = en;
			hasScannedForEncodings = 0;
			knownRegions = (
				en,
				Base,
			);
			mainGroup = F8ABD1F62FD675D000F2E923;
			minimizedProjectReferenceProxies = 1;
			preferredProjectObjectVersion = 77;
			productRefGroup = F8ABD2002FD675D000F2E923 /* Products */;
			projectDirPath = "";
			projectRoot = "";
			targets = (
				F8ABD1FE2FD675D000F2E923 /* tequila */,
				F8ABD20F2FD675D300F2E923 /* tequilaTests */,
				F8ABD2192FD675D300F2E923 /* tequilaUITests */,
			);
		};
/* End PBXProject section */

/* Begin PBXResourcesBuildPhase section */
		F8ABD1FD2FD675D000F2E923 /* Resources */ = {
			isa = PBXResourcesBuildPhase;
			buildActionMask = 2147483647;
			files = (
			);
			runOnlyForDeploymentPostprocessing = 0;
		};
		F8ABD20E2FD675D300F2E923 /* Resources */ = {
			isa = PBXResourcesBuildPhase;
			buildActionMask = 2147483647;
			files = (
			);
			runOnlyForDeploymentPostprocessing = 0;
		};
		F8ABD2182FD675D300F2E923 /* Resources */ = {
			isa = PBXResourcesBuildPhase;
			buildActionMask = 2147483647;
			files = (
			);
			runOnlyForDeploymentPostprocessing = 0;
		};
/* End PBXResourcesBuildPhase section */

/* Begin PBXSourcesBuildPhase section */
		F8ABD1FB2FD675D000F2E923 /* Sources */ = {
			isa = PBXSourcesBuildPhase;
			buildActionMask = 2147483647;
			files = (
			);
			runOnlyForDeploymentPostprocessing = 0;
		};
		F8ABD20C2FD675D300F2E923 /* Sources */ = {
			isa = PBXSourcesBuildPhase;
			buildActionMask = 2147483647;
			files = (
			);
			runOnlyForDeploymentPostprocessing = 0;
		};
		F8ABD2162FD675D300F2E923 /* Sources */ = {
			isa = PBXSourcesBuildPhase;
			buildActionMask = 2147483647;
			files = (
			);
			runOnlyForDeploymentPostprocessing = 0;
		};
/* End PBXSourcesBuildPhase section */

/* Begin PBXTargetDependency section */
		F8ABD2122FD675D300F2E923 /* PBXTargetDependency */ = {
			isa = PBXTargetDependency;
			target = F8ABD1FE2FD675D000F2E923 /* tequila */;
			targetProxy = F8ABD2112FD675D300F2E923 /* PBXContainerItemProxy */;
		};
		F8ABD21C2FD675D300F2E923 /* PBXTargetDependency */ = {
			isa = PBXTargetDependency;
			target = F8ABD1FE2FD675D000F2E923 /* tequila */;
			targetProxy = F8ABD21B2FD675D300F2E923 /* PBXContainerItemProxy */;
		};
/* End PBXTargetDependency section */

/* Begin XCBuildConfiguration section */
		F8ABD2222FD675D300F2E923 /* Debug */ = {
			isa = XCBuildConfiguration;
			buildSettings = {
				ALWAYS_SEARCH_USER_PATHS = NO;
				ASSETCATALOG_COMPILER_GENERATE_SWIFT_ASSET_SYMBOL_EXTENSIONS = YES;
				CLANG_ANALYZER_NONNULL = YES;
				CLANG_ANALYZER_NUMBER_OBJECT_CONVERSION = YES_AGGRESSIVE;
				CLANG_CXX_LANGUAGE_STANDARD = "gnu++20";
				CLANG_ENABLE_MODULES = YES;
				CLANG_ENABLE_OBJC_ARC = YES;
				CLANG_ENABLE_OBJC_WEAK = YES;
				CLANG_WARN_BLOCK_CAPTURE_AUTORELEASING = YES;
				CLANG_WARN_BOOL_CONVERSION = YES;
				CLANG_WARN_COMMA = YES;
				CLANG_WARN_CONSTANT_CONVERSION = YES;
				CLANG_WARN_DEPRECATED_OBJC_IMPLEMENTATIONS = YES;
				CLANG_WARN_DIRECT_OBJC_ISA_USAGE = YES_ERROR;
				CLANG_WARN_DOCUMENTATION_COMMENTS = YES;
				CLANG_WARN_EMPTY_BODY = YES;
				CLANG_WARN_ENUM_CONVERSION = YES;
				CLANG_WARN_INFINITE_RECURSION = YES;
				CLANG_WARN_INT_CONVERSION = YES;
				CLANG_WARN_NON_LITERAL_NULL_CONVERSION = YES;
				CLANG_WARN_OBJC_IMPLICIT_RETAIN_SELF = YES;
				CLANG_WARN_OBJC_LITERAL_CONVERSION = YES;
				CLANG_WARN_OBJC_ROOT_CLASS = YES_ERROR;
				CLANG_WARN_QUOTED_INCLUDE_IN_FRAMEWORK_HEADER = YES;
				CLANG_WARN_RANGE_LOOP_ANALYSIS = YES;
				CLANG_WARN_STRICT_PROTOTYPES = YES;
				CLANG_WARN_SUSPICIOUS_MOVE = YES;
				CLANG_WARN_UNGUARDED_AVAILABILITY = YES_AGGRESSIVE;
				CLANG_WARN_UNREACHABLE_CODE = YES;
				CLANG_WARN__DUPLICATE_METHOD_MATCH = YES;
				COPY_PHASE_STRIP = NO;
				DEBUG_INFORMATION_FORMAT = dwarf;
				ENABLE_STRICT_OBJC_MSGSEND = YES;
				ENABLE_TESTABILITY = YES;
				ENABLE_USER_SCRIPT_SANDBOXING = YES;
				GCC_C_LANGUAGE_STANDARD = gnu17;
				GCC_DYNAMIC_NO_PIC = NO;
				GCC_NO_COMMON_BLOCKS = YES;
				GCC_OPTIMIZATION_LEVEL = 0;
				GCC_PREPROCESSOR_DEFINITIONS = (
					"DEBUG=1",
					"$(inherited)",
				);
				GCC_WARN_64_TO_32_BIT_CONVERSION = YES;
				GCC_WARN_ABOUT_RETURN_TYPE = YES_ERROR;
				GCC_WARN_UNDECLARED_SELECTOR = YES;
				GCC_WARN_UNINITIALIZED_AUTOS = YES_AGGRESSIVE;
				GCC_WARN_UNUSED_FUNCTION = YES;
				GCC_WARN_UNUSED_VARIABLE = YES;
				LOCALIZATION_PREFERS_STRING_CATALOGS = YES;
				MACOSX_DEPLOYMENT_TARGET = 15.2;
				MTL_ENABLE_DEBUG_INFO = INCLUDE_SOURCE;
				MTL_FAST_MATH = YES;
				ONLY_ACTIVE_ARCH = YES;
				SDKROOT = macosx;
				SWIFT_ACTIVE_COMPILATION_CONDITIONS = "DEBUG $(inherited)";
				SWIFT_OPTIMIZATION_LEVEL = "-Onone";
			};
			name = Debug;
		};
		F8ABD2232FD675D300F2E923 /* Release */ = {
			isa = XCBuildConfiguration;
			buildSettings = {
				ALWAYS_SEARCH_USER_PATHS = NO;
				ASSETCATALOG_COMPILER_GENERATE_SWIFT_ASSET_SYMBOL_EXTENSIONS = YES;
				CLANG_ANALYZER_NONNULL = YES;
				CLANG_ANALYZER_NUMBER_OBJECT_CONVERSION = YES_AGGRESSIVE;
				CLANG_CXX_LANGUAGE_STANDARD = "gnu++20";
				CLANG_ENABLE_MODULES = YES;
				CLANG_ENABLE_OBJC_ARC = YES;
				CLANG_ENABLE_OBJC_WEAK = YES;
				CLANG_WARN_BLOCK_CAPTURE_AUTORELEASING = YES;
				CLANG_WARN_BOOL_CONVERSION = YES;
				CLANG_WARN_COMMA = YES;
				CLANG_WARN_CONSTANT_CONVERSION = YES;
				CLANG_WARN_DEPRECATED_OBJC_IMPLEMENTATIONS = YES;
				CLANG_WARN_DIRECT_OBJC_ISA_USAGE = YES_ERROR;
				CLANG_WARN_DOCUMENTATION_COMMENTS = YES;
				CLANG_WARN_EMPTY_BODY = YES;
				CLANG_WARN_ENUM_CONVERSION = YES;
				CLANG_WARN_INFINITE_RECURSION = YES;
				CLANG_WARN_INT_CONVERSION = YES;
				CLANG_WARN_NON_LITERAL_NULL_CONVERSION = YES;
				CLANG_WARN_OBJC_IMPLICIT_RETAIN_SELF = YES;
				CLANG_WARN_OBJC_LITERAL_CONVERSION = YES;
				CLANG_WARN_OBJC_ROOT_CLASS = YES_ERROR;
				CLANG_WARN_QUOTED_INCLUDE_IN_FRAMEWORK_HEADER = YES;
				CLANG_WARN_RANGE_LOOP_ANALYSIS = YES;
				CLANG_WARN_STRICT_PROTOTYPES = YES;
				CLANG_WARN_SUSPICIOUS_MOVE = YES;
				CLANG_WARN_UNGUARDED_AVAILABILITY = YES_AGGRESSIVE;
				CLANG_WARN_UNREACHABLE_CODE = YES;
				CLANG_WARN__DUPLICATE_METHOD_MATCH = YES;
				COPY_PHASE_STRIP = NO;
				DEBUG_INFORMATION_FORMAT = "dwarf-with-dsym";
				ENABLE_NS_ASSERTIONS = NO;
				ENABLE_STRICT_OBJC_MSGSEND = YES;
				ENABLE_USER_SCRIPT_SANDBOXING = YES;
				GCC_C_LANGUAGE_STANDARD = gnu17;
				GCC_NO_COMMON_BLOCKS = YES;
				GCC_WARN_64_TO_32_BIT_CONVERSION = YES;
				GCC_WARN_ABOUT_RETURN_TYPE = YES_ERROR;
				GCC_WARN_UNDECLARED_SELECTOR = YES;
				GCC_WARN_UNINITIALIZED_AUTOS = YES_AGGRESSIVE;
				GCC_WARN_UNUSED_FUNCTION = YES;
				GCC_WARN_UNUSED_VARIABLE = YES;
				LOCALIZATION_PREFERS_STRING_CATALOGS = YES;
				MACOSX_DEPLOYMENT_TARGET = 15.2;
				MTL_ENABLE_DEBUG_INFO = NO;
				MTL_FAST_MATH = YES;
				SDKROOT = macosx;
				SWIFT_COMPILATION_MODE = wholemodule;
			};
			name = Release;
		};
		F8ABD2252FD675D300F2E923 /* Debug */ = {
			isa = XCBuildConfiguration;
			buildSettings = {
				ASSETCATALOG_COMPILER_APPICON_NAME = AppIcon;
				ASSETCATALOG_COMPILER_GLOBAL_ACCENT_COLOR_NAME = AccentColor;
				CODE_SIGN_ENTITLEMENTS = tequila/tequila.entitlements;
				CODE_SIGN_STYLE = Automatic;
				COMBINE_HIDPI_IMAGES = YES;
				CURRENT_PROJECT_VERSION = 1;
				DEVELOPMENT_ASSET_PATHS = "\"tequila/Preview Content\"";
				DEVELOPMENT_TEAM = AM62SLB32Q;
				ENABLE_PREVIEWS = YES;
				GENERATE_INFOPLIST_FILE = YES;
				INFOPLIST_KEY_NSHumanReadableCopyright = "";
				LD_RUNPATH_SEARCH_PATHS = (
					"$(inherited)",
					"@executable_path/../Frameworks",
				);
				MARKETING_VERSION = 1.0;
				PRODUCT_BUNDLE_IDENTIFIER = com.tequila.tequila;
				PRODUCT_NAME = "$(TARGET_NAME)";
				SWIFT_EMIT_LOC_STRINGS = YES;
				SWIFT_VERSION = 5.0;
			};
			name = Debug;
		};
		F8ABD2262FD675D300F2E923 /* Release */ = {
			isa = XCBuildConfiguration;
			buildSettings = {
				ASSETCATALOG_COMPILER_APPICON_NAME = AppIcon;
				ASSETCATALOG_COMPILER_GLOBAL_ACCENT_COLOR_NAME = AccentColor;
				CODE_SIGN_ENTITLEMENTS = tequila/tequila.entitlements;
				CODE_SIGN_STYLE = Automatic;
				COMBINE_HIDPI_IMAGES = YES;
				CURRENT_PROJECT_VERSION = 1;
				DEVELOPMENT_ASSET_PATHS = "\"tequila/Preview Content\"";
				DEVELOPMENT_TEAM = AM62SLB32Q;
				ENABLE_PREVIEWS = YES;
				GENERATE_INFOPLIST_FILE = YES;
				INFOPLIST_KEY_NSHumanReadableCopyright = "";
				LD_RUNPATH_SEARCH_PATHS = (
					"$(inherited)",
					"@executable_path/../Frameworks",
				);
				MARKETING_VERSION = 1.0;
				PRODUCT_BUNDLE_IDENTIFIER = com.tequila.tequila;
				PRODUCT_NAME = "$(TARGET_NAME)";
				SWIFT_EMIT_LOC_STRINGS = YES;
				SWIFT_VERSION = 5.0;
			};
			name = Release;
		};
		F8ABD2282FD675D300F2E923 /* Debug */ = {
			isa = XCBuildConfiguration;
			buildSettings = {
				BUNDLE_LOADER = "$(TEST_HOST)";
				CODE_SIGN_STYLE = Automatic;
				CURRENT_PROJECT_VERSION = 1;
				GENERATE_INFOPLIST_FILE = YES;
				MACOSX_DEPLOYMENT_TARGET = 15.2;
				MARKETING_VERSION = 1.0;
				PRODUCT_BUNDLE_IDENTIFIER = com.tequila.tequilaTests;
				PRODUCT_NAME = "$(TARGET_NAME)";
				SWIFT_EMIT_LOC_STRINGS = NO;
				SWIFT_VERSION = 5.0;
				TEST_HOST = "$(BUILT_PRODUCTS_DIR)/tequila.app/$(BUNDLE_EXECUTABLE_FOLDER_PATH)/tequila";
			};
			name = Debug;
		};
		F8ABD2292FD675D300F2E923 /* Release */ = {
			isa = XCBuildConfiguration;
			buildSettings = {
				BUNDLE_LOADER = "$(TEST_HOST)";
				CODE_SIGN_STYLE = Automatic;
				CURRENT_PROJECT_VERSION = 1;
				GENERATE_INFOPLIST_FILE = YES;
				MACOSX_DEPLOYMENT_TARGET = 15.2;
				MARKETING_VERSION = 1.0;
				PRODUCT_BUNDLE_IDENTIFIER = com.tequila.tequilaTests;
				PRODUCT_NAME = "$(TARGET_NAME)";
				SWIFT_EMIT_LOC_STRINGS = NO;
				SWIFT_VERSION = 5.0;
				TEST_HOST = "$(BUILT_PRODUCTS_DIR)/tequila.app/$(BUNDLE_EXECUTABLE_FOLDER_PATH)/tequila";
			};
			name = Release;
		};
		F8ABD22B2FD675D300F2E923 /* Debug */ = {
			isa = XCBuildConfiguration;
			buildSettings = {
				CODE_SIGN_STYLE = Automatic;
				CURRENT_PROJECT_VERSION = 1;
				GENERATE_INFOPLIST_FILE = YES;
				MARKETING_VERSION = 1.0;
				PRODUCT_BUNDLE_IDENTIFIER = com.tequila.tequilaUITests;
				PRODUCT_NAME = "$(TARGET_NAME)";
				SWIFT_EMIT_LOC_STRINGS = NO;
				SWIFT_VERSION = 5.0;
				TEST_TARGET_NAME = tequila;
			};
			name = Debug;
		};
		F8ABD22C2FD675D300F2E923 /* Release */ = {
			isa = XCBuildConfiguration;
			buildSettings = {
				CODE_SIGN_STYLE = Automatic;
				CURRENT_PROJECT_VERSION = 1;
				GENERATE_INFOPLIST_FILE = YES;
				MARKETING_VERSION = 1.0;
				PRODUCT_BUNDLE_IDENTIFIER = com.tequila.tequilaUITests;
				PRODUCT_NAME = "$(TARGET_NAME)";
				SWIFT_EMIT_LOC_STRINGS = NO;
				SWIFT_VERSION = 5.0;
				TEST_TARGET_NAME = tequila;
			};
			name = Release;
		};
/* End XCBuildConfiguration section */

/* Begin XCConfigurationList section */
		F8ABD1FA2FD675D000F2E923 /* Build configuration list for PBXProject "tequila" */ = {
			isa = XCConfigurationList;
			buildConfigurations = (
				F8ABD2222FD675D300F2E923 /* Debug */,
				F8ABD2232FD675D300F2E923 /* Release */,
			);
			defaultConfigurationIsVisible = 0;
			defaultConfigurationName = Release;
		};
		F8ABD2242FD675D300F2E923 /* Build configuration list for PBXNativeTarget "tequila" */ = {
			isa = XCConfigurationList;
			buildConfigurations = (
				F8ABD2252FD675D300F2E923 /* Debug */,
				F8ABD2262FD675D300F2E923 /* Release */,
			);
			defaultConfigurationIsVisible = 0;
			defaultConfigurationName = Release;
		};
		F8ABD2272FD675D300F2E923 /* Build configuration list for PBXNativeTarget "tequilaTests" */ = {
			isa = XCConfigurationList;
			buildConfigurations = (
				F8ABD2282FD675D300F2E923 /* Debug */,
				F8ABD2292FD675D300F2E923 /* Release */,
			);
			defaultConfigurationIsVisible = 0;
			defaultConfigurationName = Release;
		};
		F8ABD22A2FD675D300F2E923 /* Build configuration list for PBXNativeTarget "tequilaUITests" */ = {
			isa = XCConfigurationList;
			buildConfigurations = (
				F8ABD22B2FD675D300F2E923 /* Debug */,
				F8ABD22C2FD675D300F2E923 /* Release */,
			);
			defaultConfigurationIsVisible = 0;
			defaultConfigurationName = Release;
		};
/* End XCConfigurationList section */
	};
	rootObject = F8ABD1F72FD675D000F2E923 /* Project object */;
}
